
Microsoft Visual Studio Solution File, Format Version 12.00
Project("{FAE04EC0-301F-11D3-BF4B-00C04F79EFBC}") = "Lab_13_14", "Lab_13_14\Lab_13_14.csproj", "{432ADC8C-8A66-4726-8A58-C591A08E9C36}"
EndProject
Global
	GlobalSection(SolutionConfigurationPlatforms) = preSolution
		Debug|Any CPU = Debug|Any CPU
		Release|Any CPU = Release|Any CPU
	EndGlobalSection
	GlobalSection(ProjectConfigurationPlatforms) = postSolution
		{432ADC8C-8A66-4726-8A58-C591A08E9C36}.Debug|Any CPU.ActiveCfg = Debug|Any CPU
		{432ADC8C-8A66-4726-8A58-C591A08E9C36}.Debug|Any CPU.Build.0 = Debug|Any CPU
		{432ADC8C-8A66-4726-8A58-C591A08E9C36}.Release|Any CPU.ActiveCfg = Release|Any CPU
		{432ADC8C-8A66-4726-8A58-C591A08E9C36}.Release|Any CPU.Build.0 = Release|Any CPU
	EndGlobalSection
EndGlobal
