
Microsoft Visual Studio Solution File, Format Version 12.00
Project("{FAE04EC0-301F-11D3-BF4B-00C04F79EFBC}") = "LabSaod_9", "LabSaod_9\LabSaod_9.csproj", "{3F256EB1-16C0-49B1-95B6-8F3ED91A337D}"
EndProject
Global
	GlobalSection(SolutionConfigurationPlatforms) = preSolution
		Debug|Any CPU = Debug|Any CPU
		Release|Any CPU = Release|Any CPU
	EndGlobalSection
	GlobalSection(ProjectConfigurationPlatforms) = postSolution
		{3F256EB1-16C0-49B1-95B6-8F3ED91A337D}.Debug|Any CPU.ActiveCfg = Debug|Any CPU
		{3F256EB1-16C0-49B1-95B6-8F3ED91A337D}.Debug|Any CPU.Build.0 = Debug|Any CPU
		{3F256EB1-16C0-49B1-95B6-8F3ED91A337D}.Release|Any CPU.ActiveCfg = Release|Any CPU
		{3F256EB1-16C0-49B1-95B6-8F3ED91A337D}.Release|Any CPU.Build.0 = Release|Any CPU
	EndGlobalSection
EndGlobal
